// !$*UTF8*$!
{
	archiveVersion = 1;
	classes = {
	};
	objectVersion = 56;
	objects = {

/* Begin PBXBuildFile section */
		4EF68EB92B10E071004476EA /* TikTokCloneApp.swift in Sources */ = {isa = PBXBuildFile; fileRef = 4EF68EB82B10E071004476EA /* TikTokCloneApp.swift */; };
		4EF68EBB2B10E071004476EA /* ContentView.swift in Sources */ = {isa = PBXBuildFile; fileRef = 4EF68EBA2B10E071004476EA /* ContentView.swift */; };
		4EF68EBD2B10E072004476EA /* Assets.xcassets in Resources */ = {isa = PBXBuildFile; fileRef = 4EF68EBC2B10E072004476EA /* Assets.xcassets */; };
		4EF68EC02B10E072004476EA /* Preview Assets.xcassets in Resources */ = {isa = PBXBuildFile; fileRef = 4EF68EBF2B10E072004476EA /* Preview Assets.xcassets */; };
		4EF68ED72B10F9B2004476EA /* MainTabView.swift in Sources */ = {isa = PBXBuildFile; fileRef = 4EF68ED62B10F9B2004476EA /* MainTabView.swift */; };
		4EF68ED92B1101CE004476EA /* FeedView.swift in Sources */ = {isa = PBXBuildFile; fileRef = 4EF68ED82B1101CE004476EA /* FeedView.swift */; };
		4EF68EDB2B1105F2004476EA /* FeedCell.swift in Sources */ = {isa = PBXBuildFile; fileRef = 4EF68EDA2B1105F2004476EA /* FeedCell.swift */; };
		4EF68EDD2B1118DE004476EA /* ExploreView.swift in Sources */ = {isa = PBXBuildFile; fileRef = 4EF68EDC2B1118DE004476EA /* ExploreView.swift */; };
		4EF68EDF2B1118F9004476EA /* UserCell.swift in Sources */ = {isa = PBXBuildFile; fileRef = 4EF68EDE2B1118F9004476EA /* UserCell.swift */; };
/* End PBXBuildFile section */

/* Begin PBXFileReference section */
		4EF68EB52B10E071004476EA /* TikTokClone.app */ = {isa = PBXFileReference; explicitFileType = wrapper.application; includeInIndex = 0; path = TikTokClone.app; sourceTree = BUILT_PRODUCTS_DIR; };
		4EF68EB82B10E071004476EA /* TikTokCloneApp.swift */ = {isa = PBXFileReference; lastKnownFileType = sourcecode.swift; path = TikTokCloneApp.swift; sourceTree = "<group>"; };
		4EF68EBA2B10E071004476EA /* ContentView.swift */ = {isa = PBXFileReference; lastKnownFileType = sourcecode.swift; path = ContentView.swift; sourceTree = "<group>"; };
		4EF68EBC2B10E072004476EA /* Assets.xcassets */ = {isa = PBXFileReference; lastKnownFileType = folder.assetcatalog; path = Assets.xcassets; sourceTree = "<group>"; };
		4EF68EBF2B10E072004476EA /* Preview Assets.xcassets */ = {isa = PBXFileReference; lastKnownFileType = folder.assetcatalog; path = "Preview Assets.xcassets"; sourceTree = "<group>"; };
		4EF68ED62B10F9B2004476EA /* MainTabView.swift */ = {isa = PBXFileReference; lastKnownFileType = sourcecode.swift; path = MainTabView.swift; sourceTree = "<group>"; };
		4EF68ED82B1101CE004476EA /* FeedView.swift */ = {isa = PBXFileReference; lastKnownFileType = sourcecode.swift; path = FeedView.swift; sourceTree = "<group>"; };
		4EF68EDA2B1105F2004476EA /* FeedCell.swift */ = {isa = PBXFileReference; lastKnownFileType = sourcecode.swift; path = FeedCell.swift; sourceTree = "<group>"; };
		4EF68EDC2B1118DE004476EA /* ExploreView.swift */ = {isa = PBXFileReference; lastKnownFileType = sourcecode.swift; path = ExploreView.swift; sourceTree = "<group>"; };
		4EF68EDE2B1118F9004476EA /* UserCell.swift */ = {isa = PBXFileReference; lastKnownFileType = sourcecode.swift; path = UserCell.swift; sourceTree = "<group>"; };
/* End PBXFileReference section */

/* Begin PBXFrameworksBuildPhase section */
		4EF68EB22B10E071004476EA /* Frameworks */ = {
			isa = PBXFrameworksBuildPhase;
			buildActionMask = 2147483647;
			files = (
			);
			runOnlyForDeploymentPostprocessing = 0;
		};
/* End PBXFrameworksBuildPhase section */

/* Begin PBXGroup section */
		4EF68EAC2B10E071004476EA = {
			isa = PBXGroup;
			children = (
				4EF68EB72B10E071004476EA /* TikTokClone */,
				4EF68EB62B10E071004476EA /* Products */,
			);
			sourceTree = "<group>";
		};
		4EF68EB62B10E071004476EA /* Products */ = {
			isa = PBXGroup;
			children = (
				4EF68EB52B10E071004476EA /* TikTokClone.app */,
			);
			name = Products;
			sourceTree = "<group>";
		};
		4EF68EB72B10E071004476EA /* TikTokClone */ = {
			isa = PBXGroup;
			children = (
				4EF68ECB2B10F5EC004476EA /* App */,
				4EF68ECA2B10F5EA004476EA /* Core */,
				4EF68EC92B10F5E8004476EA /* Extentions */,
				4EF68EC82B10F5E5004476EA /* Model */,
				4EF68EC72B10F5E2004476EA /* Services */,
				4EF68EC62B10F5D5004476EA /* Utils */,
				4EF68EBC2B10E072004476EA /* Assets.xcassets */,
				4EF68EBE2B10E072004476EA /* Preview Content */,
			);
			path = TikTokClone;
			sourceTree = "<group>";
		};
		4EF68EBE2B10E072004476EA /* Preview Content */ = {
			isa = PBXGroup;
			children = (
				4EF68EBF2B10E072004476EA /* Preview Assets.xcassets */,
			);
			path = "Preview Content";
			sourceTree = "<group>";
		};
		4EF68EC62B10F5D5004476EA /* Utils */ = {
			isa = PBXGroup;
			children = (
			);
			path = Utils;
			sourceTree = "<group>";
		};
		4EF68EC72B10F5E2004476EA /* Services */ = {
			isa = PBXGroup;
			children = (
			);
			path = Services;
			sourceTree = "<group>";
		};
		4EF68EC82B10F5E5004476EA /* Model */ = {
			isa = PBXGroup;
			children = (
			);
			path = Model;
			sourceTree = "<group>";
		};
		4EF68EC92B10F5E8004476EA /* Extentions */ = {
			isa = PBXGroup;
			children = (
			);
			path = Extentions;
			sourceTree = "<group>";
		};
		4EF68ECA2B10F5EA004476EA /* Core */ = {
			isa = PBXGroup;
			children = (
				4EF68ED52B10F6CD004476EA /* Authentication */,
				4EF68ED42B10F6CA004476EA /* Comments */,
				4EF68ED32B10F6C8004476EA /* Components */,
				4EF68ED22B10F6C6004476EA /* Feed */,
				4EF68ED12B10F6BF004476EA /* Notifications */,
				4EF68ED02B10F6BD004476EA /* Profile */,
				4EF68ECF2B10F6BC004476EA /* Root */,
				4EF68ECE2B10F6BA004476EA /* Search */,
				4EF68ECD2B10F6B8004476EA /* TabBar */,
				4EF68ECC2B10F6B5004476EA /* UploadMedia */,
			);
			path = Core;
			sourceTree = "<group>";
		};
		4EF68ECB2B10F5EC004476EA /* App */ = {
			isa = PBXGroup;
			children = (
				4EF68EB82B10E071004476EA /* TikTokCloneApp.swift */,
			);
			path = App;
			sourceTree = "<group>";
		};
		4EF68ECC2B10F6B5004476EA /* UploadMedia */ = {
			isa = PBXGroup;
			children = (
			);
			path = UploadMedia;
			sourceTree = "<group>";
		};
		4EF68ECD2B10F6B8004476EA /* TabBar */ = {
			isa = PBXGroup;
			children = (
				4EF68ED62B10F9B2004476EA /* MainTabView.swift */,
			);
			path = TabBar;
			sourceTree = "<group>";
		};
		4EF68ECE2B10F6BA004476EA /* Search */ = {
			isa = PBXGroup;
			children = (
				4EF68EDC2B1118DE004476EA /* ExploreView.swift */,
				4EF68EDE2B1118F9004476EA /* UserCell.swift */,
			);
			path = Search;
			sourceTree = "<group>";
		};
		4EF68ECF2B10F6BC004476EA /* Root */ = {
			isa = PBXGroup;
			children = (
				4EF68EBA2B10E071004476EA /* ContentView.swift */,
			);
			path = Root;
			sourceTree = "<group>";
		};
		4EF68ED02B10F6BD004476EA /* Profile */ = {
			isa = PBXGroup;
			children = (
			);
			path = Profile;
			sourceTree = "<group>";
		};
		4EF68ED12B10F6BF004476EA /* Notifications */ = {
			isa = PBXGroup;
			children = (
			);
			path = Notifications;
			sourceTree = "<group>";
		};
		4EF68ED22B10F6C6004476EA /* Feed */ = {
			isa = PBXGroup;
			children = (
				4EF68ED82B1101CE004476EA /* FeedView.swift */,
				4EF68EDA2B1105F2004476EA /* FeedCell.swift */,
			);
			path = Feed;
			sourceTree = "<group>";
		};
		4EF68ED32B10F6C8004476EA /* Components */ = {
			isa = PBXGroup;
			children = (
			);
			path = Components;
			sourceTree = "<group>";
		};
		4EF68ED42B10F6CA004476EA /* Comments */ = {
			isa = PBXGroup;
			children = (
			);
			path = Comments;
			sourceTree = "<group>";
		};
		4EF68ED52B10F6CD004476EA /* Authentication */ = {
			isa = PBXGroup;
			children = (
			);
			path = Authentication;
			sourceTree = "<group>";
		};
/* End PBXGroup section */

/* Begin PBXNativeTarget section */
		4EF68EB42B10E071004476EA /* TikTokClone */ = {
			isa = PBXNativeTarget;
			buildConfigurationList = 4EF68EC32B10E072004476EA /* Build configuration list for PBXNativeTarget "TikTokClone" */;
			buildPhases = (
				4EF68EB12B10E071004476EA /* Sources */,
				4EF68EB22B10E071004476EA /* Frameworks */,
				4EF68EB32B10E071004476EA /* Resources */,
			);
			buildRules = (
			);
			dependencies = (
			);
			name = TikTokClone;
			productName = TikTokClone;
			productReference = 4EF68EB52B10E071004476EA /* TikTokClone.app */;
			productType = "com.apple.product-type.application";
		};
/* End PBXNativeTarget section */

/* Begin PBXProject section */
		4EF68EAD2B10E071004476EA /* Project object */ = {
			isa = PBXProject;
			attributes = {
				BuildIndependentTargetsInParallel = 1;
				LastSwiftUpdateCheck = 1500;
				LastUpgradeCheck = 1500;
				TargetAttributes = {
					4EF68EB42B10E071004476EA = {
						CreatedOnToolsVersion = 15.0;
					};
				};
			};
			buildConfigurationList = 4EF68EB02B10E071004476EA /* Build configuration list for PBXProject "TikTokClone" */;
			compatibilityVersion = "Xcode 14.0";
			developmentRegion = en;
			hasScannedForEncodings = 0;
			knownRegions = (
				en,
				Base,
			);
			mainGroup = 4EF68EAC2B10E071004476EA;
			productRefGroup = 4EF68EB62B10E071004476EA /* Products */;
			projectDirPath = "";
			projectRoot = "";
			targets = (
				4EF68EB42B10E071004476EA /* TikTokClone */,
			);
		};
/* End PBXProject section */

/* Begin PBXResourcesBuildPhase section */
		4EF68EB32B10E071004476EA /* Resources */ = {
			isa = PBXResourcesBuildPhase;
			buildActionMask = 2147483647;
			files = (
				4EF68EC02B10E072004476EA /* Preview Assets.xcassets in Resources */,
				4EF68EBD2B10E072004476EA /* Assets.xcassets in Resources */,
			);
			runOnlyForDeploymentPostprocessing = 0;
		};
/* End PBXResourcesBuildPhase section */

/* Begin PBXSourcesBuildPhase section */
		4EF68EB12B10E071004476EA /* Sources */ = {
			isa = PBXSourcesBuildPhase;
			buildActionMask = 2147483647;
			files = (
				4EF68ED92B1101CE004476EA /* FeedView.swift in Sources */,
				4EF68EDB2B1105F2004476EA /* FeedCell.swift in Sources */,
				4EF68EBB2B10E071004476EA /* ContentView.swift in Sources */,
				4EF68EB92B10E071004476EA /* TikTokCloneApp.swift in Sources */,
				4EF68EDD2B1118DE004476EA /* ExploreView.swift in Sources */,
				4EF68ED72B10F9B2004476EA /* MainTabView.swift in Sources */,
				4EF68EDF2B1118F9004476EA /* UserCell.swift in Sources */,
			);
			runOnlyForDeploymentPostprocessing = 0;
		};
/* End PBXSourcesBuildPhase section */

/* Begin XCBuildConfiguration section */
		4EF68EC12B10E072004476EA /* Debug */ = {
			isa = XCBuildConfiguration;
			buildSettings = {
				ALWAYS_SEARCH_USER_PATHS = NO;
				ASSETCATALOG_COMPILER_GENERATE_SWIFT_ASSET_SYMBOL_EXTENSIONS = YES;
				CLANG_ANALYZER_NONNULL = YES;
				CLANG_ANALYZER_NUMBER_OBJECT_CONVERSION = YES_AGGRESSIVE;
				CLANG_CXX_LANGUAGE_STANDARD = "gnu++20";
				CLANG_ENABLE_MODULES = YES;
				CLANG_ENABLE_OBJC_ARC = YES;
				CLANG_ENABLE_OBJC_WEAK = YES;
				CLANG_WARN_BLOCK_CAPTURE_AUTORELEASING = YES;
				CLANG_WARN_BOOL_CONVERSION = YES;
				CLANG_WARN_COMMA = YES;
				CLANG_WARN_CONSTANT_CONVERSION = YES;
				CLANG_WARN_DEPRECATED_OBJC_IMPLEMENTATIONS = YES;
				CLANG_WARN_DIRECT_OBJC_ISA_USAGE = YES_ERROR;
				CLANG_WARN_DOCUMENTATION_COMMENTS = YES;
				CLANG_WARN_EMPTY_BODY = YES;
				CLANG_WARN_ENUM_CONVERSION = YES;
				CLANG_WARN_INFINITE_RECURSION = YES;
				CLANG_WARN_INT_CONVERSION = YES;
				CLANG_WARN_NON_LITERAL_NULL_CONVERSION = YES;
				CLANG_WARN_OBJC_IMPLICIT_RETAIN_SELF = YES;
				CLANG_WARN_OBJC_LITERAL_CONVERSION = YES;
				CLANG_WARN_OBJC_ROOT_CLASS = YES_ERROR;
				CLANG_WARN_QUOTED_INCLUDE_IN_FRAMEWORK_HEADER = YES;
				CLANG_WARN_RANGE_LOOP_ANALYSIS = YES;
				CLANG_WARN_STRICT_PROTOTYPES = YES;
				CLANG_WARN_SUSPICIOUS_MOVE = YES;
				CLANG_WARN_UNGUARDED_AVAILABILITY = YES_AGGRESSIVE;
				CLANG_WARN_UNREACHABLE_CODE = YES;
				CLANG_WARN__DUPLICATE_METHOD_MATCH = YES;
				COPY_PHASE_STRIP = NO;
				DEBUG_INFORMATION_FORMAT = dwarf;
				ENABLE_STRICT_OBJC_MSGSEND = YES;
				ENABLE_TESTABILITY = YES;
				ENABLE_USER_SCRIPT_SANDBOXING = YES;
				GCC_C_LANGUAGE_STANDARD = gnu17;
				GCC_DYNAMIC_NO_PIC = NO;
				GCC_NO_COMMON_BLOCKS = YES;
				GCC_OPTIMIZATION_LEVEL = 0;
				GCC_PREPROCESSOR_DEFINITIONS = (
					"DEBUG=1",
					"$(inherited)",
				);
				GCC_WARN_64_TO_32_BIT_CONVERSION = YES;
				GCC_WARN_ABOUT_RETURN_TYPE = YES_ERROR;
				GCC_WARN_UNDECLARED_SELECTOR = YES;
				GCC_WARN_UNINITIALIZED_AUTOS = YES_AGGRESSIVE;
				GCC_WARN_UNUSED_FUNCTION = YES;
				GCC_WARN_UNUSED_VARIABLE = YES;
				IPHONEOS_DEPLOYMENT_TARGET = 17.0;
				LOCALIZATION_PREFERS_STRING_CATALOGS = YES;
				MTL_ENABLE_DEBUG_INFO = INCLUDE_SOURCE;
				MTL_FAST_MATH = YES;
				ONLY_ACTIVE_ARCH = YES;
				SDKROOT = iphoneos;
				SWIFT_ACTIVE_COMPILATION_CONDITIONS = "DEBUG $(inherited)";
				SWIFT_OPTIMIZATION_LEVEL = "-Onone";
			};
			name = Debug;
		};
		4EF68EC22B10E072004476EA /* Release */ = {
			isa = XCBuildConfiguration;
			buildSettings = {
				ALWAYS_SEARCH_USER_PATHS = NO;
				ASSETCATALOG_COMPILER_GENERATE_SWIFT_ASSET_SYMBOL_EXTENSIONS = YES;
				CLANG_ANALYZER_NONNULL = YES;
				CLANG_ANALYZER_NUMBER_OBJECT_CONVERSION = YES_AGGRESSIVE;
				CLANG_CXX_LANGUAGE_STANDARD = "gnu++20";
				CLANG_ENABLE_MODULES = YES;
				CLANG_ENABLE_OBJC_ARC = YES;
				CLANG_ENABLE_OBJC_WEAK = YES;
				CLANG_WARN_BLOCK_CAPTURE_AUTORELEASING = YES;
				CLANG_WARN_BOOL_CONVERSION = YES;
				CLANG_WARN_COMMA = YES;
				CLANG_WARN_CONSTANT_CONVERSION = YES;
				CLANG_WARN_DEPRECATED_OBJC_IMPLEMENTATIONS = YES;
				CLANG_WARN_DIRECT_OBJC_ISA_USAGE = YES_ERROR;
				CLANG_WARN_DOCUMENTATION_COMMENTS = YES;
				CLANG_WARN_EMPTY_BODY = YES;
				CLANG_WARN_ENUM_CONVERSION = YES;
				CLANG_WARN_INFINITE_RECURSION = YES;
				CLANG_WARN_INT_CONVERSION = YES;
				CLANG_WARN_NON_LITERAL_NULL_CONVERSION = YES;
				CLANG_WARN_OBJC_IMPLICIT_RETAIN_SELF = YES;
				CLANG_WARN_OBJC_LITERAL_CONVERSION = YES;
				CLANG_WARN_OBJC_ROOT_CLASS = YES_ERROR;
				CLANG_WARN_QUOTED_INCLUDE_IN_FRAMEWORK_HEADER = YES;
				CLANG_WARN_RANGE_LOOP_ANALYSIS = YES;
				CLANG_WARN_STRICT_PROTOTYPES = YES;
				CLANG_WARN_SUSPICIOUS_MOVE = YES;
				CLANG_WARN_UNGUARDED_AVAILABILITY = YES_AGGRESSIVE;
				CLANG_WARN_UNREACHABLE_CODE = YES;
				CLANG_WARN__DUPLICATE_METHOD_MATCH = YES;
				COPY_PHASE_STRIP = NO;
				DEBUG_INFORMATION_FORMAT = "dwarf-with-dsym";
				ENABLE_NS_ASSERTIONS = NO;
				ENABLE_STRICT_OBJC_MSGSEND = YES;
				ENABLE_USER_SCRIPT_SANDBOXING = YES;
				GCC_C_LANGUAGE_STANDARD = gnu17;
				GCC_NO_COMMON_BLOCKS = YES;
				GCC_WARN_64_TO_32_BIT_CONVERSION = YES;
				GCC_WARN_ABOUT_RETURN_TYPE = YES_ERROR;
				GCC_WARN_UNDECLARED_SELECTOR = YES;
				GCC_WARN_UNINITIALIZED_AUTOS = YES_AGGRESSIVE;
				GCC_WARN_UNUSED_FUNCTION = YES;
				GCC_WARN_UNUSED_VARIABLE = YES;
				IPHONEOS_DEPLOYMENT_TARGET = 17.0;
				LOCALIZATION_PREFERS_STRING_CATALOGS = YES;
				MTL_ENABLE_DEBUG_INFO = NO;
				MTL_FAST_MATH = YES;
				SDKROOT = iphoneos;
				SWIFT_COMPILATION_MODE = wholemodule;
				VALIDATE_PRODUCT = YES;
			};
			name = Release;
		};
		4EF68EC42B10E072004476EA /* Debug */ = {
			isa = XCBuildConfiguration;
			buildSettings = {
				ASSETCATALOG_COMPILER_APPICON_NAME = AppIcon;
				ASSETCATALOG_COMPILER_GLOBAL_ACCENT_COLOR_NAME = AccentColor;
				CODE_SIGN_STYLE = Automatic;
				CURRENT_PROJECT_VERSION = 1;
				DEVELOPMENT_ASSET_PATHS = "\"TikTokClone/Preview Content\"";
				DEVELOPMENT_TEAM = 87W96M29JK;
				ENABLE_PREVIEWS = YES;
				GENERATE_INFOPLIST_FILE = YES;
				INFOPLIST_KEY_UIApplicationSceneManifest_Generation = YES;
				INFOPLIST_KEY_UIApplicationSupportsIndirectInputEvents = YES;
				INFOPLIST_KEY_UILaunchScreen_Generation = YES;
				INFOPLIST_KEY_UISupportedInterfaceOrientations_iPad = "UIInterfaceOrientationPortrait UIInterfaceOrientationPortraitUpsideDown UIInterfaceOrientationLandscapeLeft UIInterfaceOrientationLandscapeRight";
				INFOPLIST_KEY_UISupportedInterfaceOrientations_iPhone = "UIInterfaceOrientationPortrait UIInterfaceOrientationLandscapeLeft UIInterfaceOrientationLandscapeRight";
				LD_RUNPATH_SEARCH_PATHS = (
					"$(inherited)",
					"@executable_path/Frameworks",
				);
				MARKETING_VERSION = 1.0;
				PRODUCT_BUNDLE_IDENTIFIER = com.Torres.TikTokClone;
				PRODUCT_NAME = "$(TARGET_NAME)";
				SWIFT_EMIT_LOC_STRINGS = YES;
				SWIFT_VERSION = 5.0;
				TARGETED_DEVICE_FAMILY = "1,2";
			};
			name = Debug;
		};
		4EF68EC52B10E072004476EA /* Release */ = {
			isa = XCBuildConfiguration;
			buildSettings = {
				ASSETCATALOG_COMPILER_APPICON_NAME = AppIcon;
				ASSETCATALOG_COMPILER_GLOBAL_ACCENT_COLOR_NAME = AccentColor;
				CODE_SIGN_STYLE = Automatic;
				CURRENT_PROJECT_VERSION = 1;
				DEVELOPMENT_ASSET_PATHS = "\"TikTokClone/Preview Content\"";
				DEVELOPMENT_TEAM = 87W96M29JK;
				ENABLE_PREVIEWS = YES;
				GENERATE_INFOPLIST_FILE = YES;
				INFOPLIST_KEY_UIApplicationSceneManifest_Generation = YES;
				INFOPLIST_KEY_UIApplicationSupportsIndirectInputEvents = YES;
				INFOPLIST_KEY_UILaunchScreen_Generation = YES;
				INFOPLIST_KEY_UISupportedInterfaceOrientations_iPad = "UIInterfaceOrientationPortrait UIInterfaceOrientationPortraitUpsideDown UIInterfaceOrientationLandscapeLeft UIInterfaceOrientationLandscapeRight";
				INFOPLIST_KEY_UISupportedInterfaceOrientations_iPhone = "UIInterfaceOrientationPortrait UIInterfaceOrientationLandscapeLeft UIInterfaceOrientationLandscapeRight";
				LD_RUNPATH_SEARCH_PATHS = (
					"$(inherited)",
					"@executable_path/Frameworks",
				);
				MARKETING_VERSION = 1.0;
				PRODUCT_BUNDLE_IDENTIFIER = com.Torres.TikTokClone;
				PRODUCT_NAME = "$(TARGET_NAME)";
				SWIFT_EMIT_LOC_STRINGS = YES;
				SWIFT_VERSION = 5.0;
				TARGETED_DEVICE_FAMILY = "1,2";
			};
			name = Release;
		};
/* End XCBuildConfiguration section */

/* Begin XCConfigurationList section */
		4EF68EB02B10E071004476EA /* Build configuration list for PBXProject "TikTokClone" */ = {
			isa = XCConfigurationList;
			buildConfigurations = (
				4EF68EC12B10E072004476EA /* Debug */,
				4EF68EC22B10E072004476EA /* Release */,
			);
			defaultConfigurationIsVisible = 0;
			defaultConfigurationName = Release;
		};
		4EF68EC32B10E072004476EA /* Build configuration list for PBXNativeTarget "TikTokClone" */ = {
			isa = XCConfigurationList;
			buildConfigurations = (
				4EF68EC42B10E072004476EA /* Debug */,
				4EF68EC52B10E072004476EA /* Release */,
			);
			defaultConfigurationIsVisible = 0;
			defaultConfigurationName = Release;
		};
/* End XCConfigurationList section */
	};
	rootObject = 4EF68EAD2B10E071004476EA /* Project object */;
}
