// !$*UTF8*$!
{
	archiveVersion = 1;
	classes = {
	};
	objectVersion = 56;
	objects = {

/* Begin PBXBuildFile section */
		4EF68EB92B10E071004476EA /* TikTokCloneApp.swift in Sources */ = {isa = PBXBuildFile; fileRef = 4EF68EB82B10E071004476EA /* TikTokCloneApp.swift */; };
		4EF68EBB2B10E071004476EA /* ContentView.swift in Sources */ = {isa = PBXBuildFile; fileRef = 4EF68EBA2B10E071004476EA /* ContentView.swift */; };
		4EF68EBD2B10E072004476EA /* Assets.xcassets in Resources */ = {isa = PBXBuildFile; fileRef = 4EF68EBC2B10E072004476EA /* Assets.xcassets */; };
		4EF68EC02B10E072004476EA /* Preview Assets.xcassets in Resources */ = {isa = PBXBuildFile; fileRef = 4EF68EBF2B10E072004476EA /* Preview Assets.xcassets */; };
		4EF68ED72B10F9B2004476EA /* MainTabView.swift in Sources */ = {isa = PBXBuildFile; fileRef = 4EF68ED62B10F9B2004476EA /* MainTabView.swift */; };
		4EF68ED92B1101CE004476EA /* FeedView.swift in Sources */ = {isa = PBXBuildFile; fileRef = 4EF68ED82B1101CE004476EA /* FeedView.swift */; };
		4EF68EDB2B1105F2004476EA /* FeedCell.swift in Sources */ = {isa = PBXBuildFile; fileRef = 4EF68EDA2B1105F2004476EA /* FeedCell.swift */; };
		4EF68EDD2B1118DE004476EA /* ExploreView.swift in Sources */ = {isa = PBXBuildFile; fileRef = 4EF68EDC2B1118DE004476EA /* ExploreView.swift */; };
		4EF68EDF2B1118F9004476EA /* UserCell.swift in Sources */ = {isa = PBXBuildFile; fileRef = 4EF68EDE2B1118F9004476EA /* UserCell.swift */; };
		4EF68EE12B1143F0004476EA /* NotificationView.swift in Sources */ = {isa = PBXBuildFile; fileRef = 4EF68EE02B1143F0004476EA /* NotificationView.swift */; };
		4EF68EE32B114401004476EA /* NotificationCell.swift in Sources */ = {isa = PBXBuildFile; fileRef = 4EF68EE22B114401004476EA /* NotificationCell.swift */; };
		4EF68EE52B114F7F004476EA /* CurrentUserProfileView.swift in Sources */ = {isa = PBXBuildFile; fileRef = 4EF68EE42B114F7F004476EA /* CurrentUserProfileView.swift */; };
		4EF68EE72B115045004476EA /* ProfileHeaderView.swift in Sources */ = {isa = PBXBuildFile; fileRef = 4EF68EE62B115045004476EA /* ProfileHeaderView.swift */; };
		4EF68EE92B115067004476EA /* PostGridView.swift in Sources */ = {isa = PBXBuildFile; fileRef = 4EF68EE82B115067004476EA /* PostGridView.swift */; };
		4EF68EED2B1155A6004476EA /* UserStatView.swift in Sources */ = {isa = PBXBuildFile; fileRef = 4EF68EEC2B1155A6004476EA /* UserStatView.swift */; };
		4EF68EEF2B1171ED004476EA /* Post.swift in Sources */ = {isa = PBXBuildFile; fileRef = 4EF68EEE2B1171ED004476EA /* Post.swift */; };
		4EF68EF42B11738C004476EA /* FeedViewModel.swift in Sources */ = {isa = PBXBuildFile; fileRef = 4EF68EF32B11738C004476EA /* FeedViewModel.swift */; };
		4EF68EF62B117C01004476EA /* CustomVideoPlayer.swift in Sources */ = {isa = PBXBuildFile; fileRef = 4EF68EF52B117C01004476EA /* CustomVideoPlayer.swift */; };
		4EF68EFD2B14E933004476EA /* LoginView.swift in Sources */ = {isa = PBXBuildFile; fileRef = 4EF68EFC2B14E933004476EA /* LoginView.swift */; };
		4EF68EFF2B14E946004476EA /* RegistrationView.swift in Sources */ = {isa = PBXBuildFile; fileRef = 4EF68EFE2B14E946004476EA /* RegistrationView.swift */; };
		4EF68F012B14EE57004476EA /* StandardTextFieldModifier.swift in Sources */ = {isa = PBXBuildFile; fileRef = 4EF68F002B14EE57004476EA /* StandardTextFieldModifier.swift */; };
		4EF68F032B1505F9004476EA /* AuthenticationFormProtocol.swift in Sources */ = {isa = PBXBuildFile; fileRef = 4EF68F022B1505F9004476EA /* AuthenticationFormProtocol.swift */; };
		4EF68F052B150D61004476EA /* GoogleService-Info.plist in Resources */ = {isa = PBXBuildFile; fileRef = 4EF68F042B150D61004476EA /* GoogleService-Info.plist */; };
		4EF68F082B150DD1004476EA /* FirebaseAnalytics in Frameworks */ = {isa = PBXBuildFile; productRef = 4EF68F072B150DD1004476EA /* FirebaseAnalytics */; };
		4EF68F0A2B150DD1004476EA /* FirebaseAnalyticsOnDeviceConversion in Frameworks */ = {isa = PBXBuildFile; productRef = 4EF68F092B150DD1004476EA /* FirebaseAnalyticsOnDeviceConversion */; };
		4EF68F0C2B150DD1004476EA /* FirebaseAnalyticsSwift in Frameworks */ = {isa = PBXBuildFile; productRef = 4EF68F0B2B150DD1004476EA /* FirebaseAnalyticsSwift */; };
		4EF68F0E2B150DD1004476EA /* FirebaseAnalyticsWithoutAdIdSupport in Frameworks */ = {isa = PBXBuildFile; productRef = 4EF68F0D2B150DD1004476EA /* FirebaseAnalyticsWithoutAdIdSupport */; };
		4EF68F102B150DD1004476EA /* FirebaseAppCheck in Frameworks */ = {isa = PBXBuildFile; productRef = 4EF68F0F2B150DD1004476EA /* FirebaseAppCheck */; };
		4EF68F122B152B2B004476EA /* AuthService.swift in Sources */ = {isa = PBXBuildFile; fileRef = 4EF68F112B152B2B004476EA /* AuthService.swift */; };
		4EF68F142B152D29004476EA /* LoginViewModel.swift in Sources */ = {isa = PBXBuildFile; fileRef = 4EF68F132B152D28004476EA /* LoginViewModel.swift */; };
		4EF68F162B1531AB004476EA /* RegistrationViewModel.swift in Sources */ = {isa = PBXBuildFile; fileRef = 4EF68F152B1531AB004476EA /* RegistrationViewModel.swift */; };
		4EF68F192B156236004476EA /* FirebaseAuth in Frameworks */ = {isa = PBXBuildFile; productRef = 4EF68F182B156236004476EA /* FirebaseAuth */; };
		4EF68F1B2B156248004476EA /* FirebaseDatabaseSwift in Frameworks */ = {isa = PBXBuildFile; productRef = 4EF68F1A2B156248004476EA /* FirebaseDatabaseSwift */; };
		4EF68F1D2B156255004476EA /* FirebaseFirestore in Frameworks */ = {isa = PBXBuildFile; productRef = 4EF68F1C2B156255004476EA /* FirebaseFirestore */; };
		4EF68F1F2B156268004476EA /* FirebaseStorage in Frameworks */ = {isa = PBXBuildFile; productRef = 4EF68F1E2B156268004476EA /* FirebaseStorage */; };
		4EF68F212B15657D004476EA /* ContentViewModel.swift in Sources */ = {isa = PBXBuildFile; fileRef = 4EF68F202B15657D004476EA /* ContentViewModel.swift */; };
		4EF68F232B164F70004476EA /* User.swift in Sources */ = {isa = PBXBuildFile; fileRef = 4EF68F222B164F70004476EA /* User.swift */; };
		4EF68F262B1650B4004476EA /* UserService.swift in Sources */ = {isa = PBXBuildFile; fileRef = 4EF68F252B1650B4004476EA /* UserService.swift */; };
		4EF68F282B165735004476EA /* FirebaseFirestoreSwift in Frameworks */ = {isa = PBXBuildFile; productRef = 4EF68F272B165735004476EA /* FirebaseFirestoreSwift */; };
		4EF68F2A2B167FEA004476EA /* PreviewProvider.swift in Sources */ = {isa = PBXBuildFile; fileRef = 4EF68F292B167FEA004476EA /* PreviewProvider.swift */; };
		4EF68F2E2B1684EA004476EA /* ExploreViewModel.swift in Sources */ = {isa = PBXBuildFile; fileRef = 4EF68F2D2B1684EA004476EA /* ExploreViewModel.swift */; };
		4EF68F302B16940A004476EA /* MockUserService.swift in Sources */ = {isa = PBXBuildFile; fileRef = 4EF68F2F2B16940A004476EA /* MockUserService.swift */; };
		4EF68F322B17F836004476EA /* UserProfileView.swift in Sources */ = {isa = PBXBuildFile; fileRef = 4EF68F312B17F836004476EA /* UserProfileView.swift */; };
		4EF68F342B180882004476EA /* Firestore+Constants.swift in Sources */ = {isa = PBXBuildFile; fileRef = 4EF68F332B180882004476EA /* Firestore+Constants.swift */; };
/* End PBXBuildFile section */

/* Begin PBXFileReference section */
		4EF68EB52B10E071004476EA /* TikTokClone.app */ = {isa = PBXFileReference; explicitFileType = wrapper.application; includeInIndex = 0; path = TikTokClone.app; sourceTree = BUILT_PRODUCTS_DIR; };
		4EF68EB82B10E071004476EA /* TikTokCloneApp.swift */ = {isa = PBXFileReference; lastKnownFileType = sourcecode.swift; path = TikTokCloneApp.swift; sourceTree = "<group>"; };
		4EF68EBA2B10E071004476EA /* ContentView.swift */ = {isa = PBXFileReference; lastKnownFileType = sourcecode.swift; path = ContentView.swift; sourceTree = "<group>"; };
		4EF68EBC2B10E072004476EA /* Assets.xcassets */ = {isa = PBXFileReference; lastKnownFileType = folder.assetcatalog; path = Assets.xcassets; sourceTree = "<group>"; };
		4EF68EBF2B10E072004476EA /* Preview Assets.xcassets */ = {isa = PBXFileReference; lastKnownFileType = folder.assetcatalog; path = "Preview Assets.xcassets"; sourceTree = "<group>"; };
		4EF68ED62B10F9B2004476EA /* MainTabView.swift */ = {isa = PBXFileReference; lastKnownFileType = sourcecode.swift; path = MainTabView.swift; sourceTree = "<group>"; };
		4EF68ED82B1101CE004476EA /* FeedView.swift */ = {isa = PBXFileReference; lastKnownFileType = sourcecode.swift; path = FeedView.swift; sourceTree = "<group>"; };
		4EF68EDA2B1105F2004476EA /* FeedCell.swift */ = {isa = PBXFileReference; lastKnownFileType = sourcecode.swift; path = FeedCell.swift; sourceTree = "<group>"; };
		4EF68EDC2B1118DE004476EA /* ExploreView.swift */ = {isa = PBXFileReference; lastKnownFileType = sourcecode.swift; path = ExploreView.swift; sourceTree = "<group>"; };
		4EF68EDE2B1118F9004476EA /* UserCell.swift */ = {isa = PBXFileReference; lastKnownFileType = sourcecode.swift; path = UserCell.swift; sourceTree = "<group>"; };
		4EF68EE02B1143F0004476EA /* NotificationView.swift */ = {isa = PBXFileReference; lastKnownFileType = sourcecode.swift; path = NotificationView.swift; sourceTree = "<group>"; };
		4EF68EE22B114401004476EA /* NotificationCell.swift */ = {isa = PBXFileReference; lastKnownFileType = sourcecode.swift; path = NotificationCell.swift; sourceTree = "<group>"; };
		4EF68EE42B114F7F004476EA /* CurrentUserProfileView.swift */ = {isa = PBXFileReference; lastKnownFileType = sourcecode.swift; path = CurrentUserProfileView.swift; sourceTree = "<group>"; };
		4EF68EE62B115045004476EA /* ProfileHeaderView.swift */ = {isa = PBXFileReference; lastKnownFileType = sourcecode.swift; path = ProfileHeaderView.swift; sourceTree = "<group>"; };
		4EF68EE82B115067004476EA /* PostGridView.swift */ = {isa = PBXFileReference; lastKnownFileType = sourcecode.swift; path = PostGridView.swift; sourceTree = "<group>"; };
		4EF68EEC2B1155A6004476EA /* UserStatView.swift */ = {isa = PBXFileReference; lastKnownFileType = sourcecode.swift; path = UserStatView.swift; sourceTree = "<group>"; };
		4EF68EEE2B1171ED004476EA /* Post.swift */ = {isa = PBXFileReference; lastKnownFileType = sourcecode.swift; path = Post.swift; sourceTree = "<group>"; };
		4EF68EF32B11738C004476EA /* FeedViewModel.swift */ = {isa = PBXFileReference; lastKnownFileType = sourcecode.swift; path = FeedViewModel.swift; sourceTree = "<group>"; };
		4EF68EF52B117C01004476EA /* CustomVideoPlayer.swift */ = {isa = PBXFileReference; lastKnownFileType = sourcecode.swift; path = CustomVideoPlayer.swift; sourceTree = "<group>"; };
		4EF68EFC2B14E933004476EA /* LoginView.swift */ = {isa = PBXFileReference; lastKnownFileType = sourcecode.swift; path = LoginView.swift; sourceTree = "<group>"; };
		4EF68EFE2B14E946004476EA /* RegistrationView.swift */ = {isa = PBXFileReference; lastKnownFileType = sourcecode.swift; path = RegistrationView.swift; sourceTree = "<group>"; };
		4EF68F002B14EE57004476EA /* StandardTextFieldModifier.swift */ = {isa = PBXFileReference; lastKnownFileType = sourcecode.swift; path = StandardTextFieldModifier.swift; sourceTree = "<group>"; };
		4EF68F022B1505F9004476EA /* AuthenticationFormProtocol.swift */ = {isa = PBXFileReference; lastKnownFileType = sourcecode.swift; path = AuthenticationFormProtocol.swift; sourceTree = "<group>"; };
		4EF68F042B150D61004476EA /* GoogleService-Info.plist */ = {isa = PBXFileReference; fileEncoding = 4; lastKnownFileType = text.plist.xml; path = "GoogleService-Info.plist"; sourceTree = "<group>"; };
		4EF68F112B152B2B004476EA /* AuthService.swift */ = {isa = PBXFileReference; lastKnownFileType = sourcecode.swift; path = AuthService.swift; sourceTree = "<group>"; };
		4EF68F132B152D28004476EA /* LoginViewModel.swift */ = {isa = PBXFileReference; lastKnownFileType = sourcecode.swift; path = LoginViewModel.swift; sourceTree = "<group>"; };
		4EF68F152B1531AB004476EA /* RegistrationViewModel.swift */ = {isa = PBXFileReference; lastKnownFileType = sourcecode.swift; path = RegistrationViewModel.swift; sourceTree = "<group>"; };
		4EF68F202B15657D004476EA /* ContentViewModel.swift */ = {isa = PBXFileReference; lastKnownFileType = sourcecode.swift; path = ContentViewModel.swift; sourceTree = "<group>"; };
		4EF68F222B164F70004476EA /* User.swift */ = {isa = PBXFileReference; lastKnownFileType = sourcecode.swift; path = User.swift; sourceTree = "<group>"; };
		4EF68F252B1650B4004476EA /* UserService.swift */ = {isa = PBXFileReference; lastKnownFileType = sourcecode.swift; path = UserService.swift; sourceTree = "<group>"; };
		4EF68F292B167FEA004476EA /* PreviewProvider.swift */ = {isa = PBXFileReference; lastKnownFileType = sourcecode.swift; path = PreviewProvider.swift; sourceTree = "<group>"; };
		4EF68F2D2B1684EA004476EA /* ExploreViewModel.swift */ = {isa = PBXFileReference; lastKnownFileType = sourcecode.swift; path = ExploreViewModel.swift; sourceTree = "<group>"; };
		4EF68F2F2B16940A004476EA /* MockUserService.swift */ = {isa = PBXFileReference; lastKnownFileType = sourcecode.swift; path = MockUserService.swift; sourceTree = "<group>"; };
		4EF68F312B17F836004476EA /* UserProfileView.swift */ = {isa = PBXFileReference; lastKnownFileType = sourcecode.swift; path = UserProfileView.swift; sourceTree = "<group>"; };
		4EF68F332B180882004476EA /* Firestore+Constants.swift */ = {isa = PBXFileReference; lastKnownFileType = sourcecode.swift; path = "Firestore+Constants.swift"; sourceTree = "<group>"; };
/* End PBXFileReference section */

/* Begin PBXFrameworksBuildPhase section */
		4EF68EB22B10E071004476EA /* Frameworks */ = {
			isa = PBXFrameworksBuildPhase;
			buildActionMask = 2147483647;
			files = (
				4EF68F1B2B156248004476EA /* FirebaseDatabaseSwift in Frameworks */,
				4EF68F0C2B150DD1004476EA /* FirebaseAnalyticsSwift in Frameworks */,
				4EF68F1F2B156268004476EA /* FirebaseStorage in Frameworks */,
				4EF68F192B156236004476EA /* FirebaseAuth in Frameworks */,
				4EF68F082B150DD1004476EA /* FirebaseAnalytics in Frameworks */,
				4EF68F282B165735004476EA /* FirebaseFirestoreSwift in Frameworks */,
				4EF68F0A2B150DD1004476EA /* FirebaseAnalyticsOnDeviceConversion in Frameworks */,
				4EF68F1D2B156255004476EA /* FirebaseFirestore in Frameworks */,
				4EF68F102B150DD1004476EA /* FirebaseAppCheck in Frameworks */,
				4EF68F0E2B150DD1004476EA /* FirebaseAnalyticsWithoutAdIdSupport in Frameworks */,
			);
			runOnlyForDeploymentPostprocessing = 0;
		};
/* End PBXFrameworksBuildPhase section */

/* Begin PBXGroup section */
		4EF68EAC2B10E071004476EA = {
			isa = PBXGroup;
			children = (
				4EF68EB72B10E071004476EA /* TikTokClone */,
				4EF68EB62B10E071004476EA /* Products */,
				4EF68F172B156236004476EA /* Frameworks */,
			);
			sourceTree = "<group>";
		};
		4EF68EB62B10E071004476EA /* Products */ = {
			isa = PBXGroup;
			children = (
				4EF68EB52B10E071004476EA /* TikTokClone.app */,
			);
			name = Products;
			sourceTree = "<group>";
		};
		4EF68EB72B10E071004476EA /* TikTokClone */ = {
			isa = PBXGroup;
			children = (
				4EF68ECB2B10F5EC004476EA /* App */,
				4EF68ECA2B10F5EA004476EA /* Core */,
				4EF68EC92B10F5E8004476EA /* Extentions */,
				4EF68EC82B10F5E5004476EA /* Model */,
				4EF68EC72B10F5E2004476EA /* Services */,
				4EF68EC62B10F5D5004476EA /* Utils */,
				4EF68EBC2B10E072004476EA /* Assets.xcassets */,
				4EF68F042B150D61004476EA /* GoogleService-Info.plist */,
				4EF68EBE2B10E072004476EA /* Preview Content */,
			);
			path = TikTokClone;
			sourceTree = "<group>";
		};
		4EF68EBE2B10E072004476EA /* Preview Content */ = {
			isa = PBXGroup;
			children = (
				4EF68EBF2B10E072004476EA /* Preview Assets.xcassets */,
			);
			path = "Preview Content";
			sourceTree = "<group>";
		};
		4EF68EC62B10F5D5004476EA /* Utils */ = {
			isa = PBXGroup;
			children = (
				4EF68F002B14EE57004476EA /* StandardTextFieldModifier.swift */,
				4EF68F332B180882004476EA /* Firestore+Constants.swift */,
			);
			path = Utils;
			sourceTree = "<group>";
		};
		4EF68EC72B10F5E2004476EA /* Services */ = {
			isa = PBXGroup;
			children = (
				4EF68F252B1650B4004476EA /* UserService.swift */,
				4EF68F2F2B16940A004476EA /* MockUserService.swift */,
			);
			path = Services;
			sourceTree = "<group>";
		};
		4EF68EC82B10F5E5004476EA /* Model */ = {
			isa = PBXGroup;
			children = (
				4EF68EEE2B1171ED004476EA /* Post.swift */,
				4EF68F222B164F70004476EA /* User.swift */,
			);
			path = Model;
			sourceTree = "<group>";
		};
		4EF68EC92B10F5E8004476EA /* Extentions */ = {
			isa = PBXGroup;
			children = (
				4EF68F292B167FEA004476EA /* PreviewProvider.swift */,
			);
			path = Extentions;
			sourceTree = "<group>";
		};
		4EF68ECA2B10F5EA004476EA /* Core */ = {
			isa = PBXGroup;
			children = (
				4EF68ED52B10F6CD004476EA /* Authentication */,
				4EF68ED42B10F6CA004476EA /* Comments */,
				4EF68ED32B10F6C8004476EA /* Components */,
				4EF68ED22B10F6C6004476EA /* Feed */,
				4EF68ED12B10F6BF004476EA /* Notifications */,
				4EF68ED02B10F6BD004476EA /* Profile */,
				4EF68ECF2B10F6BC004476EA /* Root */,
				4EF68ECE2B10F6BA004476EA /* Search */,
				4EF68ECD2B10F6B8004476EA /* TabBar */,
				4EF68ECC2B10F6B5004476EA /* UploadMedia */,
			);
			path = Core;
			sourceTree = "<group>";
		};
		4EF68ECB2B10F5EC004476EA /* App */ = {
			isa = PBXGroup;
			children = (
				4EF68EB82B10E071004476EA /* TikTokCloneApp.swift */,
			);
			path = App;
			sourceTree = "<group>";
		};
		4EF68ECC2B10F6B5004476EA /* UploadMedia */ = {
			isa = PBXGroup;
			children = (
			);
			path = UploadMedia;
			sourceTree = "<group>";
		};
		4EF68ECD2B10F6B8004476EA /* TabBar */ = {
			isa = PBXGroup;
			children = (
				4EF68ED62B10F9B2004476EA /* MainTabView.swift */,
			);
			path = TabBar;
			sourceTree = "<group>";
		};
		4EF68ECE2B10F6BA004476EA /* Search */ = {
			isa = PBXGroup;
			children = (
				4EF68F2C2B16847F004476EA /* View */,
				4EF68F2B2B16847A004476EA /* ViewModel */,
			);
			path = Search;
			sourceTree = "<group>";
		};
		4EF68ECF2B10F6BC004476EA /* Root */ = {
			isa = PBXGroup;
			children = (
				4EF68EBA2B10E071004476EA /* ContentView.swift */,
				4EF68F202B15657D004476EA /* ContentViewModel.swift */,
			);
			path = Root;
			sourceTree = "<group>";
		};
		4EF68ED02B10F6BD004476EA /* Profile */ = {
			isa = PBXGroup;
			children = (
				4EF68EEA2B11552D004476EA /* Components */,
				4EF68EEB2B115547004476EA /* View */,
			);
			path = Profile;
			sourceTree = "<group>";
		};
		4EF68ED12B10F6BF004476EA /* Notifications */ = {
			isa = PBXGroup;
			children = (
				4EF68EE02B1143F0004476EA /* NotificationView.swift */,
				4EF68EE22B114401004476EA /* NotificationCell.swift */,
			);
			path = Notifications;
			sourceTree = "<group>";
		};
		4EF68ED22B10F6C6004476EA /* Feed */ = {
			isa = PBXGroup;
			children = (
				4EF68EF22B1172D2004476EA /* Service */,
				4EF68EF12B1172D0004476EA /* View */,
				4EF68EF02B1172C5004476EA /* ViewModel */,
			);
			path = Feed;
			sourceTree = "<group>";
		};
		4EF68ED32B10F6C8004476EA /* Components */ = {
			isa = PBXGroup;
			children = (
				4EF68EF52B117C01004476EA /* CustomVideoPlayer.swift */,
			);
			path = Components;
			sourceTree = "<group>";
		};
		4EF68ED42B10F6CA004476EA /* Comments */ = {
			isa = PBXGroup;
			children = (
			);
			path = Comments;
			sourceTree = "<group>";
		};
		4EF68ED52B10F6CD004476EA /* Authentication */ = {
			isa = PBXGroup;
			children = (
				4EF68EFB2B14E8EA004476EA /* Model */,
				4EF68EFA2B14E8E7004476EA /* Protocols */,
				4EF68EF92B14E8E0004476EA /* Service */,
				4EF68EF82B14E8D3004476EA /* View */,
				4EF68EF72B14E8D1004476EA /* VieModel */,
			);
			path = Authentication;
			sourceTree = "<group>";
		};
		4EF68EEA2B11552D004476EA /* Components */ = {
			isa = PBXGroup;
			children = (
				4EF68EE82B115067004476EA /* PostGridView.swift */,
				4EF68EE62B115045004476EA /* ProfileHeaderView.swift */,
				4EF68EEC2B1155A6004476EA /* UserStatView.swift */,
			);
			path = Components;
			sourceTree = "<group>";
		};
		4EF68EEB2B115547004476EA /* View */ = {
			isa = PBXGroup;
			children = (
				4EF68F312B17F836004476EA /* UserProfileView.swift */,
				4EF68EE42B114F7F004476EA /* CurrentUserProfileView.swift */,
			);
			path = View;
			sourceTree = "<group>";
		};
		4EF68EF02B1172C5004476EA /* ViewModel */ = {
			isa = PBXGroup;
			children = (
				4EF68EF32B11738C004476EA /* FeedViewModel.swift */,
			);
			path = ViewModel;
			sourceTree = "<group>";
		};
		4EF68EF12B1172D0004476EA /* View */ = {
			isa = PBXGroup;
			children = (
				4EF68ED82B1101CE004476EA /* FeedView.swift */,
				4EF68EDA2B1105F2004476EA /* FeedCell.swift */,
			);
			path = View;
			sourceTree = "<group>";
		};
		4EF68EF22B1172D2004476EA /* Service */ = {
			isa = PBXGroup;
			children = (
			);
			path = Service;
			sourceTree = "<group>";
		};
		4EF68EF72B14E8D1004476EA /* VieModel */ = {
			isa = PBXGroup;
			children = (
				4EF68F132B152D28004476EA /* LoginViewModel.swift */,
				4EF68F152B1531AB004476EA /* RegistrationViewModel.swift */,
			);
			path = VieModel;
			sourceTree = "<group>";
		};
		4EF68EF82B14E8D3004476EA /* View */ = {
			isa = PBXGroup;
			children = (
				4EF68EFC2B14E933004476EA /* LoginView.swift */,
				4EF68EFE2B14E946004476EA /* RegistrationView.swift */,
			);
			path = View;
			sourceTree = "<group>";
		};
		4EF68EF92B14E8E0004476EA /* Service */ = {
			isa = PBXGroup;
			children = (
				4EF68F112B152B2B004476EA /* AuthService.swift */,
			);
			path = Service;
			sourceTree = "<group>";
		};
		4EF68EFA2B14E8E7004476EA /* Protocols */ = {
			isa = PBXGroup;
			children = (
				4EF68F022B1505F9004476EA /* AuthenticationFormProtocol.swift */,
			);
			path = Protocols;
			sourceTree = "<group>";
		};
		4EF68EFB2B14E8EA004476EA /* Model */ = {
			isa = PBXGroup;
			children = (
			);
			path = Model;
			sourceTree = "<group>";
		};
		4EF68F172B156236004476EA /* Frameworks */ = {
			isa = PBXGroup;
			children = (
			);
			name = Frameworks;
			sourceTree = "<group>";
		};
		4EF68F2B2B16847A004476EA /* ViewModel */ = {
			isa = PBXGroup;
			children = (
				4EF68F2D2B1684EA004476EA /* ExploreViewModel.swift */,
			);
			path = ViewModel;
			sourceTree = "<group>";
		};
		4EF68F2C2B16847F004476EA /* View */ = {
			isa = PBXGroup;
			children = (
				4EF68EDC2B1118DE004476EA /* ExploreView.swift */,
				4EF68EDE2B1118F9004476EA /* UserCell.swift */,
			);
			path = View;
			sourceTree = "<group>";
		};
/* End PBXGroup section */

/* Begin PBXNativeTarget section */
		4EF68EB42B10E071004476EA /* TikTokClone */ = {
			isa = PBXNativeTarget;
			buildConfigurationList = 4EF68EC32B10E072004476EA /* Build configuration list for PBXNativeTarget "TikTokClone" */;
			buildPhases = (
				4EF68EB12B10E071004476EA /* Sources */,
				4EF68EB22B10E071004476EA /* Frameworks */,
				4EF68EB32B10E071004476EA /* Resources */,
			);
			buildRules = (
			);
			dependencies = (
			);
			name = TikTokClone;
			packageProductDependencies = (
				4EF68F072B150DD1004476EA /* FirebaseAnalytics */,
				4EF68F092B150DD1004476EA /* FirebaseAnalyticsOnDeviceConversion */,
				4EF68F0B2B150DD1004476EA /* FirebaseAnalyticsSwift */,
				4EF68F0D2B150DD1004476EA /* FirebaseAnalyticsWithoutAdIdSupport */,
				4EF68F0F2B150DD1004476EA /* FirebaseAppCheck */,
				4EF68F182B156236004476EA /* FirebaseAuth */,
				4EF68F1A2B156248004476EA /* FirebaseDatabaseSwift */,
				4EF68F1C2B156255004476EA /* FirebaseFirestore */,
				4EF68F1E2B156268004476EA /* FirebaseStorage */,
				4EF68F272B165735004476EA /* FirebaseFirestoreSwift */,
			);
			productName = TikTokClone;
			productReference = 4EF68EB52B10E071004476EA /* TikTokClone.app */;
			productType = "com.apple.product-type.application";
		};
/* End PBXNativeTarget section */

/* Begin PBXProject section */
		4EF68EAD2B10E071004476EA /* Project object */ = {
			isa = PBXProject;
			attributes = {
				BuildIndependentTargetsInParallel = 1;
				LastSwiftUpdateCheck = 1500;
				LastUpgradeCheck = 1500;
				TargetAttributes = {
					4EF68EB42B10E071004476EA = {
						CreatedOnToolsVersion = 15.0;
					};
				};
			};
			buildConfigurationList = 4EF68EB02B10E071004476EA /* Build configuration list for PBXProject "TikTokClone" */;
			compatibilityVersion = "Xcode 14.0";
			developmentRegion = en;
			hasScannedForEncodings = 0;
			knownRegions = (
				en,
				Base,
			);
			mainGroup = 4EF68EAC2B10E071004476EA;
			packageReferences = (
				4EF68F062B150DD1004476EA /* XCRemoteSwiftPackageReference "firebase-ios-sdk" */,
			);
			productRefGroup = 4EF68EB62B10E071004476EA /* Products */;
			projectDirPath = "";
			projectRoot = "";
			targets = (
				4EF68EB42B10E071004476EA /* TikTokClone */,
			);
		};
/* End PBXProject section */

/* Begin PBXResourcesBuildPhase section */
		4EF68EB32B10E071004476EA /* Resources */ = {
			isa = PBXResourcesBuildPhase;
			buildActionMask = 2147483647;
			files = (
				4EF68EC02B10E072004476EA /* Preview Assets.xcassets in Resources */,
				4EF68EBD2B10E072004476EA /* Assets.xcassets in Resources */,
				4EF68F052B150D61004476EA /* GoogleService-Info.plist in Resources */,
			);
			runOnlyForDeploymentPostprocessing = 0;
		};
/* End PBXResourcesBuildPhase section */

/* Begin PBXSourcesBuildPhase section */
		4EF68EB12B10E071004476EA /* Sources */ = {
			isa = PBXSourcesBuildPhase;
			buildActionMask = 2147483647;
			files = (
				4EF68EE52B114F7F004476EA /* CurrentUserProfileView.swift in Sources */,
				4EF68EF62B117C01004476EA /* CustomVideoPlayer.swift in Sources */,
				4EF68F142B152D29004476EA /* LoginViewModel.swift in Sources */,
				4EF68F232B164F70004476EA /* User.swift in Sources */,
				4EF68ED92B1101CE004476EA /* FeedView.swift in Sources */,
				4EF68EFF2B14E946004476EA /* RegistrationView.swift in Sources */,
				4EF68F262B1650B4004476EA /* UserService.swift in Sources */,
				4EF68F2A2B167FEA004476EA /* PreviewProvider.swift in Sources */,
				4EF68EE72B115045004476EA /* ProfileHeaderView.swift in Sources */,
				4EF68EED2B1155A6004476EA /* UserStatView.swift in Sources */,
				4EF68F122B152B2B004476EA /* AuthService.swift in Sources */,
				4EF68F212B15657D004476EA /* ContentViewModel.swift in Sources */,
				4EF68EDB2B1105F2004476EA /* FeedCell.swift in Sources */,
				4EF68EF42B11738C004476EA /* FeedViewModel.swift in Sources */,
				4EF68F342B180882004476EA /* Firestore+Constants.swift in Sources */,
				4EF68EEF2B1171ED004476EA /* Post.swift in Sources */,
				4EF68EBB2B10E071004476EA /* ContentView.swift in Sources */,
				4EF68F032B1505F9004476EA /* AuthenticationFormProtocol.swift in Sources */,
				4EF68F162B1531AB004476EA /* RegistrationViewModel.swift in Sources */,
				4EF68EE32B114401004476EA /* NotificationCell.swift in Sources */,
				4EF68EFD2B14E933004476EA /* LoginView.swift in Sources */,
				4EF68F2E2B1684EA004476EA /* ExploreViewModel.swift in Sources */,
				4EF68F302B16940A004476EA /* MockUserService.swift in Sources */,
				4EF68EE12B1143F0004476EA /* NotificationView.swift in Sources */,
				4EF68F012B14EE57004476EA /* StandardTextFieldModifier.swift in Sources */,
				4EF68EB92B10E071004476EA /* TikTokCloneApp.swift in Sources */,
				4EF68F322B17F836004476EA /* UserProfileView.swift in Sources */,
				4EF68EE92B115067004476EA /* PostGridView.swift in Sources */,
				4EF68EDD2B1118DE004476EA /* ExploreView.swift in Sources */,
				4EF68ED72B10F9B2004476EA /* MainTabView.swift in Sources */,
				4EF68EDF2B1118F9004476EA /* UserCell.swift in Sources */,
			);
			runOnlyForDeploymentPostprocessing = 0;
		};
/* End PBXSourcesBuildPhase section */

/* Begin XCBuildConfiguration section */
		4EF68EC12B10E072004476EA /* Debug */ = {
			isa = XCBuildConfiguration;
			buildSettings = {
				ALWAYS_SEARCH_USER_PATHS = NO;
				ASSETCATALOG_COMPILER_GENERATE_SWIFT_ASSET_SYMBOL_EXTENSIONS = YES;
				CLANG_ANALYZER_NONNULL = YES;
				CLANG_ANALYZER_NUMBER_OBJECT_CONVERSION = YES_AGGRESSIVE;
				CLANG_CXX_LANGUAGE_STANDARD = "gnu++20";
				CLANG_ENABLE_MODULES = YES;
				CLANG_ENABLE_OBJC_ARC = YES;
				CLANG_ENABLE_OBJC_WEAK = YES;
				CLANG_WARN_BLOCK_CAPTURE_AUTORELEASING = YES;
				CLANG_WARN_BOOL_CONVERSION = YES;
				CLANG_WARN_COMMA = YES;
				CLANG_WARN_CONSTANT_CONVERSION = YES;
				CLANG_WARN_DEPRECATED_OBJC_IMPLEMENTATIONS = YES;
				CLANG_WARN_DIRECT_OBJC_ISA_USAGE = YES_ERROR;
				CLANG_WARN_DOCUMENTATION_COMMENTS = YES;
				CLANG_WARN_EMPTY_BODY = YES;
				CLANG_WARN_ENUM_CONVERSION = YES;
				CLANG_WARN_INFINITE_RECURSION = YES;
				CLANG_WARN_INT_CONVERSION = YES;
				CLANG_WARN_NON_LITERAL_NULL_CONVERSION = YES;
				CLANG_WARN_OBJC_IMPLICIT_RETAIN_SELF = YES;
				CLANG_WARN_OBJC_LITERAL_CONVERSION = YES;
				CLANG_WARN_OBJC_ROOT_CLASS = YES_ERROR;
				CLANG_WARN_QUOTED_INCLUDE_IN_FRAMEWORK_HEADER = YES;
				CLANG_WARN_RANGE_LOOP_ANALYSIS = YES;
				CLANG_WARN_STRICT_PROTOTYPES = YES;
				CLANG_WARN_SUSPICIOUS_MOVE = YES;
				CLANG_WARN_UNGUARDED_AVAILABILITY = YES_AGGRESSIVE;
				CLANG_WARN_UNREACHABLE_CODE = YES;
				CLANG_WARN__DUPLICATE_METHOD_MATCH = YES;
				COPY_PHASE_STRIP = NO;
				DEBUG_INFORMATION_FORMAT = dwarf;
				ENABLE_STRICT_OBJC_MSGSEND = YES;
				ENABLE_TESTABILITY = YES;
				ENABLE_USER_SCRIPT_SANDBOXING = YES;
				GCC_C_LANGUAGE_STANDARD = gnu17;
				GCC_DYNAMIC_NO_PIC = NO;
				GCC_NO_COMMON_BLOCKS = YES;
				GCC_OPTIMIZATION_LEVEL = 0;
				GCC_PREPROCESSOR_DEFINITIONS = (
					"DEBUG=1",
					"$(inherited)",
				);
				GCC_WARN_64_TO_32_BIT_CONVERSION = YES;
				GCC_WARN_ABOUT_RETURN_TYPE = YES_ERROR;
				GCC_WARN_UNDECLARED_SELECTOR = YES;
				GCC_WARN_UNINITIALIZED_AUTOS = YES_AGGRESSIVE;
				GCC_WARN_UNUSED_FUNCTION = YES;
				GCC_WARN_UNUSED_VARIABLE = YES;
				IPHONEOS_DEPLOYMENT_TARGET = 17.0;
				LOCALIZATION_PREFERS_STRING_CATALOGS = YES;
				MTL_ENABLE_DEBUG_INFO = INCLUDE_SOURCE;
				MTL_FAST_MATH = YES;
				ONLY_ACTIVE_ARCH = YES;
				SDKROOT = iphoneos;
				SWIFT_ACTIVE_COMPILATION_CONDITIONS = "DEBUG $(inherited)";
				SWIFT_OPTIMIZATION_LEVEL = "-Onone";
			};
			name = Debug;
		};
		4EF68EC22B10E072004476EA /* Release */ = {
			isa = XCBuildConfiguration;
			buildSettings = {
				ALWAYS_SEARCH_USER_PATHS = NO;
				ASSETCATALOG_COMPILER_GENERATE_SWIFT_ASSET_SYMBOL_EXTENSIONS = YES;
				CLANG_ANALYZER_NONNULL = YES;
				CLANG_ANALYZER_NUMBER_OBJECT_CONVERSION = YES_AGGRESSIVE;
				CLANG_CXX_LANGUAGE_STANDARD = "gnu++20";
				CLANG_ENABLE_MODULES = YES;
				CLANG_ENABLE_OBJC_ARC = YES;
				CLANG_ENABLE_OBJC_WEAK = YES;
				CLANG_WARN_BLOCK_CAPTURE_AUTORELEASING = YES;
				CLANG_WARN_BOOL_CONVERSION = YES;
				CLANG_WARN_COMMA = YES;
				CLANG_WARN_CONSTANT_CONVERSION = YES;
				CLANG_WARN_DEPRECATED_OBJC_IMPLEMENTATIONS = YES;
				CLANG_WARN_DIRECT_OBJC_ISA_USAGE = YES_ERROR;
				CLANG_WARN_DOCUMENTATION_COMMENTS = YES;
				CLANG_WARN_EMPTY_BODY = YES;
				CLANG_WARN_ENUM_CONVERSION = YES;
				CLANG_WARN_INFINITE_RECURSION = YES;
				CLANG_WARN_INT_CONVERSION = YES;
				CLANG_WARN_NON_LITERAL_NULL_CONVERSION = YES;
				CLANG_WARN_OBJC_IMPLICIT_RETAIN_SELF = YES;
				CLANG_WARN_OBJC_LITERAL_CONVERSION = YES;
				CLANG_WARN_OBJC_ROOT_CLASS = YES_ERROR;
				CLANG_WARN_QUOTED_INCLUDE_IN_FRAMEWORK_HEADER = YES;
				CLANG_WARN_RANGE_LOOP_ANALYSIS = YES;
				CLANG_WARN_STRICT_PROTOTYPES = YES;
				CLANG_WARN_SUSPICIOUS_MOVE = YES;
				CLANG_WARN_UNGUARDED_AVAILABILITY = YES_AGGRESSIVE;
				CLANG_WARN_UNREACHABLE_CODE = YES;
				CLANG_WARN__DUPLICATE_METHOD_MATCH = YES;
				COPY_PHASE_STRIP = NO;
				DEBUG_INFORMATION_FORMAT = "dwarf-with-dsym";
				ENABLE_NS_ASSERTIONS = NO;
				ENABLE_STRICT_OBJC_MSGSEND = YES;
				ENABLE_USER_SCRIPT_SANDBOXING = YES;
				GCC_C_LANGUAGE_STANDARD = gnu17;
				GCC_NO_COMMON_BLOCKS = YES;
				GCC_WARN_64_TO_32_BIT_CONVERSION = YES;
				GCC_WARN_ABOUT_RETURN_TYPE = YES_ERROR;
				GCC_WARN_UNDECLARED_SELECTOR = YES;
				GCC_WARN_UNINITIALIZED_AUTOS = YES_AGGRESSIVE;
				GCC_WARN_UNUSED_FUNCTION = YES;
				GCC_WARN_UNUSED_VARIABLE = YES;
				IPHONEOS_DEPLOYMENT_TARGET = 17.0;
				LOCALIZATION_PREFERS_STRING_CATALOGS = YES;
				MTL_ENABLE_DEBUG_INFO = NO;
				MTL_FAST_MATH = YES;
				SDKROOT = iphoneos;
				SWIFT_COMPILATION_MODE = wholemodule;
				VALIDATE_PRODUCT = YES;
			};
			name = Release;
		};
		4EF68EC42B10E072004476EA /* Debug */ = {
			isa = XCBuildConfiguration;
			buildSettings = {
				ASSETCATALOG_COMPILER_APPICON_NAME = AppIcon;
				ASSETCATALOG_COMPILER_GLOBAL_ACCENT_COLOR_NAME = AccentColor;
				CODE_SIGN_STYLE = Automatic;
				CURRENT_PROJECT_VERSION = 1;
				DEVELOPMENT_ASSET_PATHS = "\"TikTokClone/Preview Content\"";
				DEVELOPMENT_TEAM = 87W96M29JK;
				ENABLE_PREVIEWS = YES;
				GENERATE_INFOPLIST_FILE = YES;
				INFOPLIST_KEY_UIApplicationSceneManifest_Generation = YES;
				INFOPLIST_KEY_UIApplicationSupportsIndirectInputEvents = YES;
				INFOPLIST_KEY_UILaunchScreen_Generation = YES;
				INFOPLIST_KEY_UISupportedInterfaceOrientations_iPad = "UIInterfaceOrientationPortrait UIInterfaceOrientationPortraitUpsideDown UIInterfaceOrientationLandscapeLeft UIInterfaceOrientationLandscapeRight";
				INFOPLIST_KEY_UISupportedInterfaceOrientations_iPhone = "UIInterfaceOrientationPortrait UIInterfaceOrientationLandscapeLeft UIInterfaceOrientationLandscapeRight";
				LD_RUNPATH_SEARCH_PATHS = (
					"$(inherited)",
					"@executable_path/Frameworks",
				);
				MARKETING_VERSION = 1.0;
				PRODUCT_BUNDLE_IDENTIFIER = com.Torres.TikTokClone;
				PRODUCT_NAME = "$(TARGET_NAME)";
				SWIFT_EMIT_LOC_STRINGS = YES;
				SWIFT_VERSION = 5.0;
				TARGETED_DEVICE_FAMILY = "1,2";
			};
			name = Debug;
		};
		4EF68EC52B10E072004476EA /* Release */ = {
			isa = XCBuildConfiguration;
			buildSettings = {
				ASSETCATALOG_COMPILER_APPICON_NAME = AppIcon;
				ASSETCATALOG_COMPILER_GLOBAL_ACCENT_COLOR_NAME = AccentColor;
				CODE_SIGN_STYLE = Automatic;
				CURRENT_PROJECT_VERSION = 1;
				DEVELOPMENT_ASSET_PATHS = "\"TikTokClone/Preview Content\"";
				DEVELOPMENT_TEAM = 87W96M29JK;
				ENABLE_PREVIEWS = YES;
				GENERATE_INFOPLIST_FILE = YES;
				INFOPLIST_KEY_UIApplicationSceneManifest_Generation = YES;
				INFOPLIST_KEY_UIApplicationSupportsIndirectInputEvents = YES;
				INFOPLIST_KEY_UILaunchScreen_Generation = YES;
				INFOPLIST_KEY_UISupportedInterfaceOrientations_iPad = "UIInterfaceOrientationPortrait UIInterfaceOrientationPortraitUpsideDown UIInterfaceOrientationLandscapeLeft UIInterfaceOrientationLandscapeRight";
				INFOPLIST_KEY_UISupportedInterfaceOrientations_iPhone = "UIInterfaceOrientationPortrait UIInterfaceOrientationLandscapeLeft UIInterfaceOrientationLandscapeRight";
				LD_RUNPATH_SEARCH_PATHS = (
					"$(inherited)",
					"@executable_path/Frameworks",
				);
				MARKETING_VERSION = 1.0;
				PRODUCT_BUNDLE_IDENTIFIER = com.Torres.TikTokClone;
				PRODUCT_NAME = "$(TARGET_NAME)";
				SWIFT_EMIT_LOC_STRINGS = YES;
				SWIFT_VERSION = 5.0;
				TARGETED_DEVICE_FAMILY = "1,2";
			};
			name = Release;
		};
/* End XCBuildConfiguration section */

/* Begin XCConfigurationList section */
		4EF68EB02B10E071004476EA /* Build configuration list for PBXProject "TikTokClone" */ = {
			isa = XCConfigurationList;
			buildConfigurations = (
				4EF68EC12B10E072004476EA /* Debug */,
				4EF68EC22B10E072004476EA /* Release */,
			);
			defaultConfigurationIsVisible = 0;
			defaultConfigurationName = Release;
		};
		4EF68EC32B10E072004476EA /* Build configuration list for PBXNativeTarget "TikTokClone" */ = {
			isa = XCConfigurationList;
			buildConfigurations = (
				4EF68EC42B10E072004476EA /* Debug */,
				4EF68EC52B10E072004476EA /* Release */,
			);
			defaultConfigurationIsVisible = 0;
			defaultConfigurationName = Release;
		};
/* End XCConfigurationList section */

/* Begin XCRemoteSwiftPackageReference section */
		4EF68F062B150DD1004476EA /* XCRemoteSwiftPackageReference "firebase-ios-sdk" */ = {
			isa = XCRemoteSwiftPackageReference;
			repositoryURL = "https://github.com/firebase/firebase-ios-sdk.git";
			requirement = {
				kind = upToNextMajorVersion;
				minimumVersion = 10.18.0;
			};
		};
/* End XCRemoteSwiftPackageReference section */

/* Begin XCSwiftPackageProductDependency section */
		4EF68F072B150DD1004476EA /* FirebaseAnalytics */ = {
			isa = XCSwiftPackageProductDependency;
			package = 4EF68F062B150DD1004476EA /* XCRemoteSwiftPackageReference "firebase-ios-sdk" */;
			productName = FirebaseAnalytics;
		};
		4EF68F092B150DD1004476EA /* FirebaseAnalyticsOnDeviceConversion */ = {
			isa = XCSwiftPackageProductDependency;
			package = 4EF68F062B150DD1004476EA /* XCRemoteSwiftPackageReference "firebase-ios-sdk" */;
			productName = FirebaseAnalyticsOnDeviceConversion;
		};
		4EF68F0B2B150DD1004476EA /* FirebaseAnalyticsSwift */ = {
			isa = XCSwiftPackageProductDependency;
			package = 4EF68F062B150DD1004476EA /* XCRemoteSwiftPackageReference "firebase-ios-sdk" */;
			productName = FirebaseAnalyticsSwift;
		};
		4EF68F0D2B150DD1004476EA /* FirebaseAnalyticsWithoutAdIdSupport */ = {
			isa = XCSwiftPackageProductDependency;
			package = 4EF68F062B150DD1004476EA /* XCRemoteSwiftPackageReference "firebase-ios-sdk" */;
			productName = FirebaseAnalyticsWithoutAdIdSupport;
		};
		4EF68F0F2B150DD1004476EA /* FirebaseAppCheck */ = {
			isa = XCSwiftPackageProductDependency;
			package = 4EF68F062B150DD1004476EA /* XCRemoteSwiftPackageReference "firebase-ios-sdk" */;
			productName = FirebaseAppCheck;
		};
		4EF68F182B156236004476EA /* FirebaseAuth */ = {
			isa = XCSwiftPackageProductDependency;
			package = 4EF68F062B150DD1004476EA /* XCRemoteSwiftPackageReference "firebase-ios-sdk" */;
			productName = FirebaseAuth;
		};
		4EF68F1A2B156248004476EA /* FirebaseDatabaseSwift */ = {
			isa = XCSwiftPackageProductDependency;
			package = 4EF68F062B150DD1004476EA /* XCRemoteSwiftPackageReference "firebase-ios-sdk" */;
			productName = FirebaseDatabaseSwift;
		};
		4EF68F1C2B156255004476EA /* FirebaseFirestore */ = {
			isa = XCSwiftPackageProductDependency;
			package = 4EF68F062B150DD1004476EA /* XCRemoteSwiftPackageReference "firebase-ios-sdk" */;
			productName = FirebaseFirestore;
		};
		4EF68F1E2B156268004476EA /* FirebaseStorage */ = {
			isa = XCSwiftPackageProductDependency;
			package = 4EF68F062B150DD1004476EA /* XCRemoteSwiftPackageReference "firebase-ios-sdk" */;
			productName = FirebaseStorage;
		};
		4EF68F272B165735004476EA /* FirebaseFirestoreSwift */ = {
			isa = XCSwiftPackageProductDependency;
			package = 4EF68F062B150DD1004476EA /* XCRemoteSwiftPackageReference "firebase-ios-sdk" */;
			productName = FirebaseFirestoreSwift;
		};
/* End XCSwiftPackageProductDependency section */
	};
	rootObject = 4EF68EAD2B10E071004476EA /* Project object */;
}
